
Microsoft Visual Studio Solution File, Format Version 12.00
# Visual Studio Version 17
VisualStudioVersion = 17.1.32319.34
MinimumVisualStudioVersion = 10.0.40219.1
Project("{9A19103F-16F7-4668-BE54-9A1E7A4F7556}") = "MyFirstApplication", "MyFirstApplication.csproj", "{80CEE193-969E-4486-804C-09860B43C374}"
EndProject
Project("{2150E333-8FDC-42A3-9474-1A3956D46DE8}") = "Solution Items", "Solution Items", "{7367F4AD-93AE-49B5-BC42-FEB48092EF29}"
	ProjectSection(SolutionItems) = preProject
		..\README.md = ..\README.md
	EndProjectSection
EndProject
Project("{FAE04EC0-301F-11D3-BF4B-00C04F79EFBC}") = "CSharpBicycleProject", "..\..\csharp-bicycle-project\CSharpBicycleProject\CSharpBicycleProject.csproj", "{EC1535CC-BCF9-49AB-A8BE-DA6E6A0DED61}"
EndProject
Global
	GlobalSection(SolutionConfigurationPlatforms) = preSolution
		Debug|Any CPU = Debug|Any CPU
		Release|Any CPU = Release|Any CPU
	EndGlobalSection
	GlobalSection(ProjectConfigurationPlatforms) = postSolution
		{80CEE193-969E-4486-804C-09860B43C374}.Debug|Any CPU.ActiveCfg = Debug|Any CPU
		{80CEE193-969E-4486-804C-09860B43C374}.Debug|Any CPU.Build.0 = Debug|Any CPU
		{80CEE193-969E-4486-804C-09860B43C374}.Release|Any CPU.ActiveCfg = Release|Any CPU
		{80CEE193-969E-4486-804C-09860B43C374}.Release|Any CPU.Build.0 = Release|Any CPU
		{EC1535CC-BCF9-49AB-A8BE-DA6E6A0DED61}.Debug|Any CPU.ActiveCfg = Debug|Any CPU
		{EC1535CC-BCF9-49AB-A8BE-DA6E6A0DED61}.Debug|Any CPU.Build.0 = Debug|Any CPU
		{EC1535CC-BCF9-49AB-A8BE-DA6E6A0DED61}.Release|Any CPU.ActiveCfg = Release|Any CPU
		{EC1535CC-BCF9-49AB-A8BE-DA6E6A0DED61}.Release|Any CPU.Build.0 = Release|Any CPU
	EndGlobalSection
	GlobalSection(SolutionProperties) = preSolution
		HideSolutionNode = FALSE
	EndGlobalSection
	GlobalSection(ExtensibilityGlobals) = postSolution
		SolutionGuid = {B4F94A7B-3FBB-44B7-9358-7C6787CAC701}
	EndGlobalSection
EndGlobal
